
Microsoft Visual Studio Solution File, Format Version 12.00
# Visual Studio Version 17
VisualStudioVersion = 17.13.35825.156
MinimumVisualStudioVersion = 10.0.40219.1
Project("{2150E333-8FDC-42A3-9474-1A3956D46DE8}") = "Practice1", "Practice1", "{6E3A684C-3CA5-417C-A1F8-0FF8053B1059}"
EndProject
Project("{FAE04EC0-301F-11D3-BF4B-00C04F79EFBC}") = "Practice1.Task1", "Practice1.Task1\Practice1.Task1.csproj", "{D79BDC63-7150-5FEC-8FD9-F3D92975C26B}"
EndProject
Project("{FAE04EC0-301F-11D3-BF4B-00C04F79EFBC}") = "Practice1.Task2", "Practice1.Task2\Practice1.Task2.csproj", "{5C79B5CD-3602-A025-F661-61CB40B5C46F}"
EndProject
Project("{FAE04EC0-301F-11D3-BF4B-00C04F79EFBC}") = "Practice1.Task3", "Practice1.Task3\Practice1.Task3.csproj", "{0D7272B8-A624-19F7-BC6D-4EB90CEF3938}"
EndProject
Project("{FAE04EC0-301F-11D3-BF4B-00C04F79EFBC}") = "Practice1.Task4", "Practice1.Task4\Practice1.Task4.csproj", "{55B81F24-8D62-3C28-3A15-B78D9F60269A}"
EndProject
Project("{FAE04EC0-301F-11D3-BF4B-00C04F79EFBC}") = "Practice1.Task5", "Practice1.Task5\Practice1.Task5.csproj", "{5CCD0DEB-CD34-C14A-DECA-41E17068D68D}"
EndProject
Project("{FAE04EC0-301F-11D3-BF4B-00C04F79EFBC}") = "Practice1.Task6", "Practice1.Task6\Practice1.Task6.csproj", "{D9079DC3-D461-282D-5A4A-75AD1CAE49ED}"
EndProject
Project("{2150E333-8FDC-42A3-9474-1A3956D46DE8}") = "Practice2", "Practice2", "{A18E98B7-CFA1-4062-BF52-4649BFB87E99}"
EndProject
Project("{FAE04EC0-301F-11D3-BF4B-00C04F79EFBC}") = "Practice2.Task1", "Practice2.Task1\Practice2.Task1.csproj", "{8EAB203D-E076-47A8-9302-2526C43D30A8}"
EndProject
Project("{FAE04EC0-301F-11D3-BF4B-00C04F79EFBC}") = "Practice2.Task2", "Practice2.Task2\Practice2.Task2.csproj", "{1E3A10B3-8AC6-4CEC-9549-1BAA5847248A}"
EndProject
Project("{FAE04EC0-301F-11D3-BF4B-00C04F79EFBC}") = "Practice2.Task3", "Practice2.Task3\Practice2.Task3.csproj", "{F6BC5206-7D75-437A-953E-2381518DF511}"
EndProject
Project("{FAE04EC0-301F-11D3-BF4B-00C04F79EFBC}") = "Practice2.Task4", "Practice2.Task4\Practice2.Task4.csproj", "{60C5AA7C-EAC8-4686-8C74-CE9994863E22}"
EndProject
Project("{FAE04EC0-301F-11D3-BF4B-00C04F79EFBC}") = "Practice2.Task5", "Practice2.Task5\Practice2.Task5.csproj", "{90FF8826-20EA-4C3C-9513-FDDAD1081F48}"
EndProject
Project("{FAE04EC0-301F-11D3-BF4B-00C04F79EFBC}") = "Practice2.Task6", "Practice2.Task6\Practice2.Task6.csproj", "{5E7869E3-F40E-45D4-82B3-CCD38097622B}"
EndProject
Project("{FAE04EC0-301F-11D3-BF4B-00C04F79EFBC}") = "Practice2.Task7", "Practice2.Task7\Practice2.Task7.csproj", "{F7E8D5CC-47A7-4FF8-B817-0B15D2D0D578}"
EndProject
Project("{FAE04EC0-301F-11D3-BF4B-00C04F79EFBC}") = "Practice2.Task8", "Practice2.Task8\Practice2.Task8.csproj", "{D00C294C-B621-48CD-92D5-5880FDCCBE76}"
EndProject
Project("{FAE04EC0-301F-11D3-BF4B-00C04F79EFBC}") = "Practice2.Task9", "Practice2.Task9\Practice2.Task9.csproj", "{DFB1AFC1-CB17-4382-85B2-B267F62321A2}"
EndProject
Project("{FAE04EC0-301F-11D3-BF4B-00C04F79EFBC}") = "Practice2.Task10", "Practice2.Task10\Practice2.Task10.csproj", "{8701E007-BFD7-40EB-ADA4-E25AF64D30BB}"
EndProject
Project("{FAE04EC0-301F-11D3-BF4B-00C04F79EFBC}") = "Practice2.Task11", "Practice2.Task11\Practice2.Task11.csproj", "{94EF74B6-04B1-4FC9-9A9B-3ADC5688FB3E}"
EndProject
Project("{FAE04EC0-301F-11D3-BF4B-00C04F79EFBC}") = "Practice2.Task12", "Practice2.Task12\Practice2.Task12.csproj", "{72D9EC68-1668-4E1E-99B8-F11A951C23A7}"
EndProject
Project("{FAE04EC0-301F-11D3-BF4B-00C04F79EFBC}") = "Practice2.Task13", "Practice2.Task13\Practice2.Task13.csproj", "{D9959F3B-465A-40B0-9F9D-EFB5374F4E3C}"
EndProject
Project("{FAE04EC0-301F-11D3-BF4B-00C04F79EFBC}") = "Practice2.Task14", "Practice2.Task14\Practice2.Task14.csproj", "{FECBCA28-A935-44EB-B8AB-2194D7C95750}"
EndProject
Project("{FAE04EC0-301F-11D3-BF4B-00C04F79EFBC}") = "Practice2.Task15", "Practice2.Task15\Practice2.Task15.csproj", "{8E24D815-C15A-40BA-B980-72FD1B2E1DCE}"
EndProject
Project("{FAE04EC0-301F-11D3-BF4B-00C04F79EFBC}") = "Practice2.Task16", "Practice2.Task16\Practice2.Task16.csproj", "{416A2433-011A-4B48-A278-303455E53AD9}"
EndProject
Project("{FAE04EC0-301F-11D3-BF4B-00C04F79EFBC}") = "Practice2.Task17", "Practice2.Task17\Practice2.Task17.csproj", "{F3A73B72-C586-41B0-BD68-A5B8745991FD}"
EndProject
Project("{FAE04EC0-301F-11D3-BF4B-00C04F79EFBC}") = "Practice2.Task18", "Practice2.Task18\Practice2.Task18.csproj", "{0CA8CE83-AEC2-4AB6-B4C8-9724F3C12734}"
EndProject
Project("{FAE04EC0-301F-11D3-BF4B-00C04F79EFBC}") = "Practice2.Task19", "Practice2.Task19\Practice2.Task19.csproj", "{EF965094-5361-4893-A987-59CBA75862F2}"
EndProject
Project("{FAE04EC0-301F-11D3-BF4B-00C04F79EFBC}") = "Practice2.Task20", "Practice2.Task20\Practice2.Task20.csproj", "{E619378D-C81E-40FF-A354-E1D9E9720B27}"
EndProject
Project("{FAE04EC0-301F-11D3-BF4B-00C04F79EFBC}") = "Practice2.Task21", "Practice2.Task21\Practice2.Task21.csproj", "{5470C6F0-7B6F-4003-AC3D-DA4DCF10FE9E}"
EndProject
Project("{FAE04EC0-301F-11D3-BF4B-00C04F79EFBC}") = "Practice2.Task22", "Practice2.Task22\Practice2.Task22.csproj", "{D696C609-FB92-457D-85A9-96A9A4B0C0F9}"
EndProject
Project("{FAE04EC0-301F-11D3-BF4B-00C04F79EFBC}") = "Practice2.Task23", "Practice2.Task23\Practice2.Task23.csproj", "{B5E70350-0AA8-4C53-A8BC-6EFFDDDAA38D}"
EndProject
Project("{FAE04EC0-301F-11D3-BF4B-00C04F79EFBC}") = "Practice2.Task24", "Practice2.Task24\Practice2.Task24.csproj", "{C5F0A0F0-27AB-4F11-826F-F58F999081EF}"
EndProject
Project("{FAE04EC0-301F-11D3-BF4B-00C04F79EFBC}") = "Practice2.Task25", "Practice2.Task25\Practice2.Task25.csproj", "{5E4B0845-8315-4448-B5ED-C82CA60842B9}"
EndProject
Global
	GlobalSection(SolutionConfigurationPlatforms) = preSolution
		Debug|Any CPU = Debug|Any CPU
		Release|Any CPU = Release|Any CPU
	EndGlobalSection
	GlobalSection(ProjectConfigurationPlatforms) = postSolution
		{D79BDC63-7150-5FEC-8FD9-F3D92975C26B}.Debug|Any CPU.ActiveCfg = Debug|Any CPU
		{D79BDC63-7150-5FEC-8FD9-F3D92975C26B}.Debug|Any CPU.Build.0 = Debug|Any CPU
		{D79BDC63-7150-5FEC-8FD9-F3D92975C26B}.Release|Any CPU.ActiveCfg = Release|Any CPU
		{D79BDC63-7150-5FEC-8FD9-F3D92975C26B}.Release|Any CPU.Build.0 = Release|Any CPU
		{5C79B5CD-3602-A025-F661-61CB40B5C46F}.Debug|Any CPU.ActiveCfg = Debug|Any CPU
		{5C79B5CD-3602-A025-F661-61CB40B5C46F}.Debug|Any CPU.Build.0 = Debug|Any CPU
		{5C79B5CD-3602-A025-F661-61CB40B5C46F}.Release|Any CPU.ActiveCfg = Release|Any CPU
		{5C79B5CD-3602-A025-F661-61CB40B5C46F}.Release|Any CPU.Build.0 = Release|Any CPU
		{0D7272B8-A624-19F7-BC6D-4EB90CEF3938}.Debug|Any CPU.ActiveCfg = Debug|Any CPU
		{0D7272B8-A624-19F7-BC6D-4EB90CEF3938}.Debug|Any CPU.Build.0 = Debug|Any CPU
		{0D7272B8-A624-19F7-BC6D-4EB90CEF3938}.Release|Any CPU.ActiveCfg = Release|Any CPU
		{0D7272B8-A624-19F7-BC6D-4EB90CEF3938}.Release|Any CPU.Build.0 = Release|Any CPU
		{55B81F24-8D62-3C28-3A15-B78D9F60269A}.Debug|Any CPU.ActiveCfg = Debug|Any CPU
		{55B81F24-8D62-3C28-3A15-B78D9F60269A}.Debug|Any CPU.Build.0 = Debug|Any CPU
		{55B81F24-8D62-3C28-3A15-B78D9F60269A}.Release|Any CPU.ActiveCfg = Release|Any CPU
		{55B81F24-8D62-3C28-3A15-B78D9F60269A}.Release|Any CPU.Build.0 = Release|Any CPU
		{5CCD0DEB-CD34-C14A-DECA-41E17068D68D}.Debug|Any CPU.ActiveCfg = Debug|Any CPU
		{5CCD0DEB-CD34-C14A-DECA-41E17068D68D}.Debug|Any CPU.Build.0 = Debug|Any CPU
		{5CCD0DEB-CD34-C14A-DECA-41E17068D68D}.Release|Any CPU.ActiveCfg = Release|Any CPU
		{5CCD0DEB-CD34-C14A-DECA-41E17068D68D}.Release|Any CPU.Build.0 = Release|Any CPU
		{D9079DC3-D461-282D-5A4A-75AD1CAE49ED}.Debug|Any CPU.ActiveCfg = Debug|Any CPU
		{D9079DC3-D461-282D-5A4A-75AD1CAE49ED}.Debug|Any CPU.Build.0 = Debug|Any CPU
		{D9079DC3-D461-282D-5A4A-75AD1CAE49ED}.Release|Any CPU.ActiveCfg = Release|Any CPU
		{D9079DC3-D461-282D-5A4A-75AD1CAE49ED}.Release|Any CPU.Build.0 = Release|Any CPU
		{8EAB203D-E076-47A8-9302-2526C43D30A8}.Debug|Any CPU.ActiveCfg = Debug|Any CPU
		{8EAB203D-E076-47A8-9302-2526C43D30A8}.Debug|Any CPU.Build.0 = Debug|Any CPU
		{8EAB203D-E076-47A8-9302-2526C43D30A8}.Release|Any CPU.ActiveCfg = Release|Any CPU
		{8EAB203D-E076-47A8-9302-2526C43D30A8}.Release|Any CPU.Build.0 = Release|Any CPU
		{1E3A10B3-8AC6-4CEC-9549-1BAA5847248A}.Debug|Any CPU.ActiveCfg = Debug|Any CPU
		{1E3A10B3-8AC6-4CEC-9549-1BAA5847248A}.Debug|Any CPU.Build.0 = Debug|Any CPU
		{1E3A10B3-8AC6-4CEC-9549-1BAA5847248A}.Release|Any CPU.ActiveCfg = Release|Any CPU
		{1E3A10B3-8AC6-4CEC-9549-1BAA5847248A}.Release|Any CPU.Build.0 = Release|Any CPU
		{F6BC5206-7D75-437A-953E-2381518DF511}.Debug|Any CPU.ActiveCfg = Debug|Any CPU
		{F6BC5206-7D75-437A-953E-2381518DF511}.Debug|Any CPU.Build.0 = Debug|Any CPU
		{F6BC5206-7D75-437A-953E-2381518DF511}.Release|Any CPU.ActiveCfg = Release|Any CPU
		{F6BC5206-7D75-437A-953E-2381518DF511}.Release|Any CPU.Build.0 = Release|Any CPU
		{60C5AA7C-EAC8-4686-8C74-CE9994863E22}.Debug|Any CPU.ActiveCfg = Debug|Any CPU
		{60C5AA7C-EAC8-4686-8C74-CE9994863E22}.Debug|Any CPU.Build.0 = Debug|Any CPU
		{60C5AA7C-EAC8-4686-8C74-CE9994863E22}.Release|Any CPU.ActiveCfg = Release|Any CPU
		{60C5AA7C-EAC8-4686-8C74-CE9994863E22}.Release|Any CPU.Build.0 = Release|Any CPU
		{90FF8826-20EA-4C3C-9513-FDDAD1081F48}.Debug|Any CPU.ActiveCfg = Debug|Any CPU
		{90FF8826-20EA-4C3C-9513-FDDAD1081F48}.Debug|Any CPU.Build.0 = Debug|Any CPU
		{90FF8826-20EA-4C3C-9513-FDDAD1081F48}.Release|Any CPU.ActiveCfg = Release|Any CPU
		{90FF8826-20EA-4C3C-9513-FDDAD1081F48}.Release|Any CPU.Build.0 = Release|Any CPU
		{5E7869E3-F40E-45D4-82B3-CCD38097622B}.Debug|Any CPU.ActiveCfg = Debug|Any CPU
		{5E7869E3-F40E-45D4-82B3-CCD38097622B}.Debug|Any CPU.Build.0 = Debug|Any CPU
		{5E7869E3-F40E-45D4-82B3-CCD38097622B}.Release|Any CPU.ActiveCfg = Release|Any CPU
		{5E7869E3-F40E-45D4-82B3-CCD38097622B}.Release|Any CPU.Build.0 = Release|Any CPU
		{F7E8D5CC-47A7-4FF8-B817-0B15D2D0D578}.Debug|Any CPU.ActiveCfg = Debug|Any CPU
		{F7E8D5CC-47A7-4FF8-B817-0B15D2D0D578}.Debug|Any CPU.Build.0 = Debug|Any CPU
		{F7E8D5CC-47A7-4FF8-B817-0B15D2D0D578}.Release|Any CPU.ActiveCfg = Release|Any CPU
		{F7E8D5CC-47A7-4FF8-B817-0B15D2D0D578}.Release|Any CPU.Build.0 = Release|Any CPU
		{D00C294C-B621-48CD-92D5-5880FDCCBE76}.Debug|Any CPU.ActiveCfg = Debug|Any CPU
		{D00C294C-B621-48CD-92D5-5880FDCCBE76}.Debug|Any CPU.Build.0 = Debug|Any CPU
		{D00C294C-B621-48CD-92D5-5880FDCCBE76}.Release|Any CPU.ActiveCfg = Release|Any CPU
		{D00C294C-B621-48CD-92D5-5880FDCCBE76}.Release|Any CPU.Build.0 = Release|Any CPU
		{DFB1AFC1-CB17-4382-85B2-B267F62321A2}.Debug|Any CPU.ActiveCfg = Debug|Any CPU
		{DFB1AFC1-CB17-4382-85B2-B267F62321A2}.Debug|Any CPU.Build.0 = Debug|Any CPU
		{DFB1AFC1-CB17-4382-85B2-B267F62321A2}.Release|Any CPU.ActiveCfg = Release|Any CPU
		{DFB1AFC1-CB17-4382-85B2-B267F62321A2}.Release|Any CPU.Build.0 = Release|Any CPU
		{8701E007-BFD7-40EB-ADA4-E25AF64D30BB}.Debug|Any CPU.ActiveCfg = Debug|Any CPU
		{8701E007-BFD7-40EB-ADA4-E25AF64D30BB}.Debug|Any CPU.Build.0 = Debug|Any CPU
		{8701E007-BFD7-40EB-ADA4-E25AF64D30BB}.Release|Any CPU.ActiveCfg = Release|Any CPU
		{8701E007-BFD7-40EB-ADA4-E25AF64D30BB}.Release|Any CPU.Build.0 = Release|Any CPU
		{94EF74B6-04B1-4FC9-9A9B-3ADC5688FB3E}.Debug|Any CPU.ActiveCfg = Debug|Any CPU
		{94EF74B6-04B1-4FC9-9A9B-3ADC5688FB3E}.Debug|Any CPU.Build.0 = Debug|Any CPU
		{94EF74B6-04B1-4FC9-9A9B-3ADC5688FB3E}.Release|Any CPU.ActiveCfg = Release|Any CPU
		{94EF74B6-04B1-4FC9-9A9B-3ADC5688FB3E}.Release|Any CPU.Build.0 = Release|Any CPU
		{72D9EC68-1668-4E1E-99B8-F11A951C23A7}.Debug|Any CPU.ActiveCfg = Debug|Any CPU
		{72D9EC68-1668-4E1E-99B8-F11A951C23A7}.Debug|Any CPU.Build.0 = Debug|Any CPU
		{72D9EC68-1668-4E1E-99B8-F11A951C23A7}.Release|Any CPU.ActiveCfg = Release|Any CPU
		{72D9EC68-1668-4E1E-99B8-F11A951C23A7}.Release|Any CPU.Build.0 = Release|Any CPU
		{D9959F3B-465A-40B0-9F9D-EFB5374F4E3C}.Debug|Any CPU.ActiveCfg = Debug|Any CPU
		{D9959F3B-465A-40B0-9F9D-EFB5374F4E3C}.Debug|Any CPU.Build.0 = Debug|Any CPU
		{D9959F3B-465A-40B0-9F9D-EFB5374F4E3C}.Release|Any CPU.ActiveCfg = Release|Any CPU
		{D9959F3B-465A-40B0-9F9D-EFB5374F4E3C}.Release|Any CPU.Build.0 = Release|Any CPU
		{FECBCA28-A935-44EB-B8AB-2194D7C95750}.Debug|Any CPU.ActiveCfg = Debug|Any CPU
		{FECBCA28-A935-44EB-B8AB-2194D7C95750}.Debug|Any CPU.Build.0 = Debug|Any CPU
		{FECBCA28-A935-44EB-B8AB-2194D7C95750}.Release|Any CPU.ActiveCfg = Release|Any CPU
		{FECBCA28-A935-44EB-B8AB-2194D7C95750}.Release|Any CPU.Build.0 = Release|Any CPU
		{8E24D815-C15A-40BA-B980-72FD1B2E1DCE}.Debug|Any CPU.ActiveCfg = Debug|Any CPU
		{8E24D815-C15A-40BA-B980-72FD1B2E1DCE}.Debug|Any CPU.Build.0 = Debug|Any CPU
		{8E24D815-C15A-40BA-B980-72FD1B2E1DCE}.Release|Any CPU.ActiveCfg = Release|Any CPU
		{8E24D815-C15A-40BA-B980-72FD1B2E1DCE}.Release|Any CPU.Build.0 = Release|Any CPU
		{416A2433-011A-4B48-A278-303455E53AD9}.Debug|Any CPU.ActiveCfg = Debug|Any CPU
		{416A2433-011A-4B48-A278-303455E53AD9}.Debug|Any CPU.Build.0 = Debug|Any CPU
		{416A2433-011A-4B48-A278-303455E53AD9}.Release|Any CPU.ActiveCfg = Release|Any CPU
		{416A2433-011A-4B48-A278-303455E53AD9}.Release|Any CPU.Build.0 = Release|Any CPU
		{F3A73B72-C586-41B0-BD68-A5B8745991FD}.Debug|Any CPU.ActiveCfg = Debug|Any CPU
		{F3A73B72-C586-41B0-BD68-A5B8745991FD}.Debug|Any CPU.Build.0 = Debug|Any CPU
		{F3A73B72-C586-41B0-BD68-A5B8745991FD}.Release|Any CPU.ActiveCfg = Release|Any CPU
		{F3A73B72-C586-41B0-BD68-A5B8745991FD}.Release|Any CPU.Build.0 = Release|Any CPU
		{0CA8CE83-AEC2-4AB6-B4C8-9724F3C12734}.Debug|Any CPU.ActiveCfg = Debug|Any CPU
		{0CA8CE83-AEC2-4AB6-B4C8-9724F3C12734}.Debug|Any CPU.Build.0 = Debug|Any CPU
		{0CA8CE83-AEC2-4AB6-B4C8-9724F3C12734}.Release|Any CPU.ActiveCfg = Release|Any CPU
		{0CA8CE83-AEC2-4AB6-B4C8-9724F3C12734}.Release|Any CPU.Build.0 = Release|Any CPU
		{EF965094-5361-4893-A987-59CBA75862F2}.Debug|Any CPU.ActiveCfg = Debug|Any CPU
		{EF965094-5361-4893-A987-59CBA75862F2}.Debug|Any CPU.Build.0 = Debug|Any CPU
		{EF965094-5361-4893-A987-59CBA75862F2}.Release|Any CPU.ActiveCfg = Release|Any CPU
		{EF965094-5361-4893-A987-59CBA75862F2}.Release|Any CPU.Build.0 = Release|Any CPU
		{E619378D-C81E-40FF-A354-E1D9E9720B27}.Debug|Any CPU.ActiveCfg = Debug|Any CPU
		{E619378D-C81E-40FF-A354-E1D9E9720B27}.Debug|Any CPU.Build.0 = Debug|Any CPU
		{E619378D-C81E-40FF-A354-E1D9E9720B27}.Release|Any CPU.ActiveCfg = Release|Any CPU
		{E619378D-C81E-40FF-A354-E1D9E9720B27}.Release|Any CPU.Build.0 = Release|Any CPU
		{5470C6F0-7B6F-4003-AC3D-DA4DCF10FE9E}.Debug|Any CPU.ActiveCfg = Debug|Any CPU
		{5470C6F0-7B6F-4003-AC3D-DA4DCF10FE9E}.Debug|Any CPU.Build.0 = Debug|Any CPU
		{5470C6F0-7B6F-4003-AC3D-DA4DCF10FE9E}.Release|Any CPU.ActiveCfg = Release|Any CPU
		{5470C6F0-7B6F-4003-AC3D-DA4DCF10FE9E}.Release|Any CPU.Build.0 = Release|Any CPU
		{D696C609-FB92-457D-85A9-96A9A4B0C0F9}.Debug|Any CPU.ActiveCfg = Debug|Any CPU
		{D696C609-FB92-457D-85A9-96A9A4B0C0F9}.Debug|Any CPU.Build.0 = Debug|Any CPU
		{D696C609-FB92-457D-85A9-96A9A4B0C0F9}.Release|Any CPU.ActiveCfg = Release|Any CPU
		{D696C609-FB92-457D-85A9-96A9A4B0C0F9}.Release|Any CPU.Build.0 = Release|Any CPU
		{B5E70350-0AA8-4C53-A8BC-6EFFDDDAA38D}.Debug|Any CPU.ActiveCfg = Debug|Any CPU
		{B5E70350-0AA8-4C53-A8BC-6EFFDDDAA38D}.Debug|Any CPU.Build.0 = Debug|Any CPU
		{B5E70350-0AA8-4C53-A8BC-6EFFDDDAA38D}.Release|Any CPU.ActiveCfg = Release|Any CPU
		{B5E70350-0AA8-4C53-A8BC-6EFFDDDAA38D}.Release|Any CPU.Build.0 = Release|Any CPU
		{C5F0A0F0-27AB-4F11-826F-F58F999081EF}.Debug|Any CPU.ActiveCfg = Debug|Any CPU
		{C5F0A0F0-27AB-4F11-826F-F58F999081EF}.Debug|Any CPU.Build.0 = Debug|Any CPU
		{C5F0A0F0-27AB-4F11-826F-F58F999081EF}.Release|Any CPU.ActiveCfg = Release|Any CPU
		{C5F0A0F0-27AB-4F11-826F-F58F999081EF}.Release|Any CPU.Build.0 = Release|Any CPU
		{5E4B0845-8315-4448-B5ED-C82CA60842B9}.Debug|Any CPU.ActiveCfg = Debug|Any CPU
		{5E4B0845-8315-4448-B5ED-C82CA60842B9}.Debug|Any CPU.Build.0 = Debug|Any CPU
		{5E4B0845-8315-4448-B5ED-C82CA60842B9}.Release|Any CPU.ActiveCfg = Release|Any CPU
		{5E4B0845-8315-4448-B5ED-C82CA60842B9}.Release|Any CPU.Build.0 = Release|Any CPU
	EndGlobalSection
	GlobalSection(SolutionProperties) = preSolution
		HideSolutionNode = FALSE
	EndGlobalSection
	GlobalSection(NestedProjects) = preSolution
		{D79BDC63-7150-5FEC-8FD9-F3D92975C26B} = {6E3A684C-3CA5-417C-A1F8-0FF8053B1059}
		{5C79B5CD-3602-A025-F661-61CB40B5C46F} = {6E3A684C-3CA5-417C-A1F8-0FF8053B1059}
		{0D7272B8-A624-19F7-BC6D-4EB90CEF3938} = {6E3A684C-3CA5-417C-A1F8-0FF8053B1059}
		{55B81F24-8D62-3C28-3A15-B78D9F60269A} = {6E3A684C-3CA5-417C-A1F8-0FF8053B1059}
		{5CCD0DEB-CD34-C14A-DECA-41E17068D68D} = {6E3A684C-3CA5-417C-A1F8-0FF8053B1059}
		{D9079DC3-D461-282D-5A4A-75AD1CAE49ED} = {6E3A684C-3CA5-417C-A1F8-0FF8053B1059}
		{8EAB203D-E076-47A8-9302-2526C43D30A8} = {A18E98B7-CFA1-4062-BF52-4649BFB87E99}
		{1E3A10B3-8AC6-4CEC-9549-1BAA5847248A} = {A18E98B7-CFA1-4062-BF52-4649BFB87E99}
		{F6BC5206-7D75-437A-953E-2381518DF511} = {A18E98B7-CFA1-4062-BF52-4649BFB87E99}
		{60C5AA7C-EAC8-4686-8C74-CE9994863E22} = {A18E98B7-CFA1-4062-BF52-4649BFB87E99}
		{90FF8826-20EA-4C3C-9513-FDDAD1081F48} = {A18E98B7-CFA1-4062-BF52-4649BFB87E99}
		{5E7869E3-F40E-45D4-82B3-CCD38097622B} = {A18E98B7-CFA1-4062-BF52-4649BFB87E99}
		{F7E8D5CC-47A7-4FF8-B817-0B15D2D0D578} = {A18E98B7-CFA1-4062-BF52-4649BFB87E99}
		{D00C294C-B621-48CD-92D5-5880FDCCBE76} = {A18E98B7-CFA1-4062-BF52-4649BFB87E99}
		{DFB1AFC1-CB17-4382-85B2-B267F62321A2} = {A18E98B7-CFA1-4062-BF52-4649BFB87E99}
		{8701E007-BFD7-40EB-ADA4-E25AF64D30BB} = {A18E98B7-CFA1-4062-BF52-4649BFB87E99}
		{94EF74B6-04B1-4FC9-9A9B-3ADC5688FB3E} = {A18E98B7-CFA1-4062-BF52-4649BFB87E99}
		{72D9EC68-1668-4E1E-99B8-F11A951C23A7} = {A18E98B7-CFA1-4062-BF52-4649BFB87E99}
		{D9959F3B-465A-40B0-9F9D-EFB5374F4E3C} = {A18E98B7-CFA1-4062-BF52-4649BFB87E99}
		{FECBCA28-A935-44EB-B8AB-2194D7C95750} = {A18E98B7-CFA1-4062-BF52-4649BFB87E99}
		{8E24D815-C15A-40BA-B980-72FD1B2E1DCE} = {A18E98B7-CFA1-4062-BF52-4649BFB87E99}
		{416A2433-011A-4B48-A278-303455E53AD9} = {A18E98B7-CFA1-4062-BF52-4649BFB87E99}
		{F3A73B72-C586-41B0-BD68-A5B8745991FD} = {A18E98B7-CFA1-4062-BF52-4649BFB87E99}
		{0CA8CE83-AEC2-4AB6-B4C8-9724F3C12734} = {A18E98B7-CFA1-4062-BF52-4649BFB87E99}
		{EF965094-5361-4893-A987-59CBA75862F2} = {A18E98B7-CFA1-4062-BF52-4649BFB87E99}
		{E619378D-C81E-40FF-A354-E1D9E9720B27} = {A18E98B7-CFA1-4062-BF52-4649BFB87E99}
		{5470C6F0-7B6F-4003-AC3D-DA4DCF10FE9E} = {A18E98B7-CFA1-4062-BF52-4649BFB87E99}
		{D696C609-FB92-457D-85A9-96A9A4B0C0F9} = {A18E98B7-CFA1-4062-BF52-4649BFB87E99}
		{B5E70350-0AA8-4C53-A8BC-6EFFDDDAA38D} = {A18E98B7-CFA1-4062-BF52-4649BFB87E99}
		{C5F0A0F0-27AB-4F11-826F-F58F999081EF} = {A18E98B7-CFA1-4062-BF52-4649BFB87E99}
		{5E4B0845-8315-4448-B5ED-C82CA60842B9} = {A18E98B7-CFA1-4062-BF52-4649BFB87E99}
	EndGlobalSection
	GlobalSection(ExtensibilityGlobals) = postSolution
		SolutionGuid = {DEABEAE7-39B5-4988-80D1-442176E1CC26}
	EndGlobalSection
EndGlobal
